
Microsoft Visual Studio Solution File, Format Version 12.00
# Visual Studio Version 17
VisualStudioVersion = 17.0.31912.275
MinimumVisualStudioVersion = 10.0.40219.1
Project("{F2A71F9B-5D33-465A-A702-920D77279786}") = "FableHauntedElmish", "FableHauntedElmish\FableHauntedElmish.fsproj", "{0D505FA5-82FD-486C-A277-016C74287CD1}"
EndProject
Global
	GlobalSection(SolutionConfigurationPlatforms) = preSolution
		Debug|Any CPU = Debug|Any CPU
		Release|Any CPU = Release|Any CPU
	EndGlobalSection
	GlobalSection(ProjectConfigurationPlatforms) = postSolution
		{0D505FA5-82FD-486C-A277-016C74287CD1}.Debug|Any CPU.ActiveCfg = Debug|Any CPU
		{0D505FA5-82FD-486C-A277-016C74287CD1}.Debug|Any CPU.Build.0 = Debug|Any CPU
		{0D505FA5-82FD-486C-A277-016C74287CD1}.Release|Any CPU.ActiveCfg = Release|Any CPU
		{0D505FA5-82FD-486C-A277-016C74287CD1}.Release|Any CPU.Build.0 = Release|Any CPU
	EndGlobalSection
	GlobalSection(SolutionProperties) = preSolution
		HideSolutionNode = FALSE
	EndGlobalSection
	GlobalSection(ExtensibilityGlobals) = postSolution
		SolutionGuid = {D2CDE023-7F87-46DB-87D0-8C3D6C98520F}
	EndGlobalSection
EndGlobal
